
Microsoft Visual Studio Solution File, Format Version 12.00
# Visual Studio Version 17
VisualStudioVersion = 17.3.32929.385
MinimumVisualStudioVersion = 10.0.40219.1
Project("{FAE04EC0-301F-11D3-BF4B-00C04F79EFBC}") = "ConsoleApp9", "ConsoleApp9\ConsoleApp9.csproj", "{A3EB1BFE-FA4D-4EB5-8352-C3783FB05193}"
EndProject
Global
	GlobalSection(SolutionConfigurationPlatforms) = preSolution
		Debug|Any CPU = Debug|Any CPU
		Release|Any CPU = Release|Any CPU
	EndGlobalSection
	GlobalSection(ProjectConfigurationPlatforms) = postSolution
		{A3EB1BFE-FA4D-4EB5-8352-C3783FB05193}.Debug|Any CPU.ActiveCfg = Debug|Any CPU
		{A3EB1BFE-FA4D-4EB5-8352-C3783FB05193}.Debug|Any CPU.Build.0 = Debug|Any CPU
		{A3EB1BFE-FA4D-4EB5-8352-C3783FB05193}.Release|Any CPU.ActiveCfg = Release|Any CPU
		{A3EB1BFE-FA4D-4EB5-8352-C3783FB05193}.Release|Any CPU.Build.0 = Release|Any CPU
	EndGlobalSection
	GlobalSection(SolutionProperties) = preSolution
		HideSolutionNode = FALSE
	EndGlobalSection
	GlobalSection(ExtensibilityGlobals) = postSolution
		SolutionGuid = {C9005C32-7D28-462B-A449-010DA522C658}
	EndGlobalSection
EndGlobal
